{
  "requires": true,
  "lockfileVersion": 1,
  "dependencies": {
    "sweetalert2": {
      "version": "8.11.6",
      "resolved": "https://registry.npmjs.org/sweetalert2/-/sweetalert2-8.11.6.tgz",
      "integrity": "sha512-UFtFNdlwk+NgsRIlGMFA/yz9Pq7D8c32Y11TGEc4t3avrn8f0EFlxP2+Q0JLL219w6PsEglZFfVDmIDEr1816Q=="
    }
  }
}
